
Microsoft Visual Studio Solution File, Format Version 12.00
# Visual Studio Version 17
VisualStudioVersion = 17.11.35303.130
MinimumVisualStudioVersion = 10.0.40219.1
Project("{FAE04EC0-301F-11D3-BF4B-00C04F79EFBC}") = "Youtube_Videos_Advanced_c#", "Youtube_Videos_Advanced_c#.csproj", "{19A50A0F-70DD-4B15-A95E-D4ED05567A5F}"
EndProject
Global
	GlobalSection(SolutionConfigurationPlatforms) = preSolution
		Debug|Any CPU = Debug|Any CPU
		Release|Any CPU = Release|Any CPU
	EndGlobalSection
	GlobalSection(ProjectConfigurationPlatforms) = postSolution
		{19A50A0F-70DD-4B15-A95E-D4ED05567A5F}.Debug|Any CPU.ActiveCfg = Debug|Any CPU
		{19A50A0F-70DD-4B15-A95E-D4ED05567A5F}.Debug|Any CPU.Build.0 = Debug|Any CPU
		{19A50A0F-70DD-4B15-A95E-D4ED05567A5F}.Release|Any CPU.ActiveCfg = Release|Any CPU
		{19A50A0F-70DD-4B15-A95E-D4ED05567A5F}.Release|Any CPU.Build.0 = Release|Any CPU
	EndGlobalSection
	GlobalSection(SolutionProperties) = preSolution
		HideSolutionNode = FALSE
	EndGlobalSection
	GlobalSection(ExtensibilityGlobals) = postSolution
		SolutionGuid = {B9AC3769-C08C-489D-8157-421F28520848}
	EndGlobalSection
EndGlobal
